// !$*UTF8*$!
{
	archiveVersion = 1;
	classes = {
	};
	objectVersion = 55;
	objects = {

/* Begin PBXBuildFile section */
		110EC36C288F1C05003CC985 /* AppDelegate.swift in Sources */ = {isa = PBXBuildFile; fileRef = 110EC36B288F1C05003CC985 /* AppDelegate.swift */; };
		110EC36E288F1C05003CC985 /* SceneDelegate.swift in Sources */ = {isa = PBXBuildFile; fileRef = 110EC36D288F1C05003CC985 /* SceneDelegate.swift */; };
		110EC370288F1C05003CC985 /* MainVC.swift in Sources */ = {isa = PBXBuildFile; fileRef = 110EC36F288F1C05003CC985 /* MainVC.swift */; };
		110EC373288F1C05003CC985 /* Main.storyboard in Resources */ = {isa = PBXBuildFile; fileRef = 110EC371288F1C05003CC985 /* Main.storyboard */; };
		110EC375288F1C08003CC985 /* Assets.xcassets in Resources */ = {isa = PBXBuildFile; fileRef = 110EC374288F1C08003CC985 /* Assets.xcassets */; };
		110EC378288F1C08003CC985 /* LaunchScreen.storyboard in Resources */ = {isa = PBXBuildFile; fileRef = 110EC376288F1C08003CC985 /* LaunchScreen.storyboard */; };
		119FBA2E288F52D6008D5569 /* ChangeCityVC.swift in Sources */ = {isa = PBXBuildFile; fileRef = 119FBA2D288F52D6008D5569 /* ChangeCityVC.swift */; };
		119FBA30288F5FBA008D5569 /* City.swift in Sources */ = {isa = PBXBuildFile; fileRef = 119FBA2F288F5FBA008D5569 /* City.swift */; };
		C4C38892D309CE8953B79A93 /* Pods_W6_D5_Weather_App.framework in Frameworks */ = {isa = PBXBuildFile; fileRef = B6F959556D447EFD6297BD7D /* Pods_W6_D5_Weather_App.framework */; };
/* End PBXBuildFile section */

/* Begin PBXFileReference section */
		110EC368288F1C05003CC985 /* W6-D5-Weather-App.app */ = {isa = PBXFileReference; explicitFileType = wrapper.application; includeInIndex = 0; path = "W6-D5-Weather-App.app"; sourceTree = BUILT_PRODUCTS_DIR; };
		110EC36B288F1C05003CC985 /* AppDelegate.swift */ = {isa = PBXFileReference; lastKnownFileType = sourcecode.swift; path = AppDelegate.swift; sourceTree = "<group>"; };
		110EC36D288F1C05003CC985 /* SceneDelegate.swift */ = {isa = PBXFileReference; lastKnownFileType = sourcecode.swift; path = SceneDelegate.swift; sourceTree = "<group>"; };
		110EC36F288F1C05003CC985 /* MainVC.swift */ = {isa = PBXFileReference; lastKnownFileType = sourcecode.swift; path = MainVC.swift; sourceTree = "<group>"; };
		110EC372288F1C05003CC985 /* Base */ = {isa = PBXFileReference; lastKnownFileType = file.storyboard; name = Base; path = Base.lproj/Main.storyboard; sourceTree = "<group>"; };
		110EC374288F1C08003CC985 /* Assets.xcassets */ = {isa = PBXFileReference; lastKnownFileType = folder.assetcatalog; path = Assets.xcassets; sourceTree = "<group>"; };
		110EC377288F1C08003CC985 /* Base */ = {isa = PBXFileReference; lastKnownFileType = file.storyboard; name = Base; path = Base.lproj/LaunchScreen.storyboard; sourceTree = "<group>"; };
		110EC379288F1C08003CC985 /* Info.plist */ = {isa = PBXFileReference; lastKnownFileType = text.plist.xml; path = Info.plist; sourceTree = "<group>"; };
		119FBA2D288F52D6008D5569 /* ChangeCityVC.swift */ = {isa = PBXFileReference; lastKnownFileType = sourcecode.swift; path = ChangeCityVC.swift; sourceTree = "<group>"; };
		119FBA2F288F5FBA008D5569 /* City.swift */ = {isa = PBXFileReference; lastKnownFileType = sourcecode.swift; path = City.swift; sourceTree = "<group>"; };
		869A824242EA352825BB2924 /* Pods-W6-D5-Weather-App.debug.xcconfig */ = {isa = PBXFileReference; includeInIndex = 1; lastKnownFileType = text.xcconfig; name = "Pods-W6-D5-Weather-App.debug.xcconfig"; path = "Target Support Files/Pods-W6-D5-Weather-App/Pods-W6-D5-Weather-App.debug.xcconfig"; sourceTree = "<group>"; };
		B6F959556D447EFD6297BD7D /* Pods_W6_D5_Weather_App.framework */ = {isa = PBXFileReference; explicitFileType = wrapper.framework; includeInIndex = 0; path = Pods_W6_D5_Weather_App.framework; sourceTree = BUILT_PRODUCTS_DIR; };
		F941F60A9BC48E60F26E9DB9 /* Pods-W6-D5-Weather-App.release.xcconfig */ = {isa = PBXFileReference; includeInIndex = 1; lastKnownFileType = text.xcconfig; name = "Pods-W6-D5-Weather-App.release.xcconfig"; path = "Target Support Files/Pods-W6-D5-Weather-App/Pods-W6-D5-Weather-App.release.xcconfig"; sourceTree = "<group>"; };
/* End PBXFileReference section */

/* Begin PBXFrameworksBuildPhase section */
		110EC365288F1C05003CC985 /* Frameworks */ = {
			isa = PBXFrameworksBuildPhase;
			buildActionMask = 2147483647;
			files = (
				C4C38892D309CE8953B79A93 /* Pods_W6_D5_Weather_App.framework in Frameworks */,
			);
			runOnlyForDeploymentPostprocessing = 0;
		};
/* End PBXFrameworksBuildPhase section */

/* Begin PBXGroup section */
		110EC35F288F1C05003CC985 = {
			isa = PBXGroup;
			children = (
				110EC36A288F1C05003CC985 /* W6-D5-Weather-App */,
				110EC369288F1C05003CC985 /* Products */,
				E511A6AD2BB1CB5CD25BFC0A /* Pods */,
				89D83E9193F347E16B97B7F8 /* Frameworks */,
			);
			sourceTree = "<group>";
		};
		110EC369288F1C05003CC985 /* Products */ = {
			isa = PBXGroup;
			children = (
				110EC368288F1C05003CC985 /* W6-D5-Weather-App.app */,
			);
			name = Products;
			sourceTree = "<group>";
		};
		110EC36A288F1C05003CC985 /* W6-D5-Weather-App */ = {
			isa = PBXGroup;
			children = (
				110EC36B288F1C05003CC985 /* AppDelegate.swift */,
				110EC36D288F1C05003CC985 /* SceneDelegate.swift */,
				110EC36F288F1C05003CC985 /* MainVC.swift */,
				119FBA2D288F52D6008D5569 /* ChangeCityVC.swift */,
				119FBA2F288F5FBA008D5569 /* City.swift */,
				110EC371288F1C05003CC985 /* Main.storyboard */,
				110EC374288F1C08003CC985 /* Assets.xcassets */,
				110EC376288F1C08003CC985 /* LaunchScreen.storyboard */,
				110EC379288F1C08003CC985 /* Info.plist */,
			);
			path = "W6-D5-Weather-App";
			sourceTree = "<group>";
		};
		89D83E9193F347E16B97B7F8 /* Frameworks */ = {
			isa = PBXGroup;
			children = (
				B6F959556D447EFD6297BD7D /* Pods_W6_D5_Weather_App.framework */,
			);
			name = Frameworks;
			sourceTree = "<group>";
		};
		E511A6AD2BB1CB5CD25BFC0A /* Pods */ = {
			isa = PBXGroup;
			children = (
				869A824242EA352825BB2924 /* Pods-W6-D5-Weather-App.debug.xcconfig */,
				F941F60A9BC48E60F26E9DB9 /* Pods-W6-D5-Weather-App.release.xcconfig */,
			);
			path = Pods;
			sourceTree = "<group>";
		};
/* End PBXGroup section */

/* Begin PBXNativeTarget section */
		110EC367288F1C05003CC985 /* W6-D5-Weather-App */ = {
			isa = PBXNativeTarget;
			buildConfigurationList = 110EC37C288F1C08003CC985 /* Build configuration list for PBXNativeTarget "W6-D5-Weather-App" */;
			buildPhases = (
				D866276274DF4B947842512C /* [CP] Check Pods Manifest.lock */,
				110EC364288F1C05003CC985 /* Sources */,
				110EC365288F1C05003CC985 /* Frameworks */,
				110EC366288F1C05003CC985 /* Resources */,
				B2A0C582513A45FB492E7D31 /* [CP] Embed Pods Frameworks */,
			);
			buildRules = (
			);
			dependencies = (
			);
			name = "W6-D5-Weather-App";
			productName = "W6-D5-Weather-App";
			productReference = 110EC368288F1C05003CC985 /* W6-D5-Weather-App.app */;
			productType = "com.apple.product-type.application";
		};
/* End PBXNativeTarget section */

/* Begin PBXProject section */
		110EC360288F1C05003CC985 /* Project object */ = {
			isa = PBXProject;
			attributes = {
				BuildIndependentTargetsInParallel = 1;
				LastSwiftUpdateCheck = 1340;
				LastUpgradeCheck = 1340;
				TargetAttributes = {
					110EC367288F1C05003CC985 = {
						CreatedOnToolsVersion = 13.4.1;
					};
				};
			};
			buildConfigurationList = 110EC363288F1C05003CC985 /* Build configuration list for PBXProject "W6-D5-Weather-App" */;
			compatibilityVersion = "Xcode 13.0";
			developmentRegion = en;
			hasScannedForEncodings = 0;
			knownRegions = (
				en,
				Base,
			);
			mainGroup = 110EC35F288F1C05003CC985;
			productRefGroup = 110EC369288F1C05003CC985 /* Products */;
			projectDirPath = "";
			projectRoot = "";
			targets = (
				110EC367288F1C05003CC985 /* W6-D5-Weather-App */,
			);
		};
/* End PBXProject section */

/* Begin PBXResourcesBuildPhase section */
		110EC366288F1C05003CC985 /* Resources */ = {
			isa = PBXResourcesBuildPhase;
			buildActionMask = 2147483647;
			files = (
				110EC378288F1C08003CC985 /* LaunchScreen.storyboard in Resources */,
				110EC375288F1C08003CC985 /* Assets.xcassets in Resources */,
				110EC373288F1C05003CC985 /* Main.storyboard in Resources */,
			);
			runOnlyForDeploymentPostprocessing = 0;
		};
/* End PBXResourcesBuildPhase section */

/* Begin PBXShellScriptBuildPhase section */
		B2A0C582513A45FB492E7D31 /* [CP] Embed Pods Frameworks */ = {
			isa = PBXShellScriptBuildPhase;
			buildActionMask = 2147483647;
			files = (
			);
			inputFileListPaths = (
				"${PODS_ROOT}/Target Support Files/Pods-W6-D5-Weather-App/Pods-W6-D5-Weather-App-frameworks-${CONFIGURATION}-input-files.xcfilelist",
			);
			name = "[CP] Embed Pods Frameworks";
			outputFileListPaths = (
				"${PODS_ROOT}/Target Support Files/Pods-W6-D5-Weather-App/Pods-W6-D5-Weather-App-frameworks-${CONFIGURATION}-output-files.xcfilelist",
			);
			runOnlyForDeploymentPostprocessing = 0;
			shellPath = /bin/sh;
			shellScript = "\"${PODS_ROOT}/Target Support Files/Pods-W6-D5-Weather-App/Pods-W6-D5-Weather-App-frameworks.sh\"\n";
			showEnvVarsInLog = 0;
		};
		D866276274DF4B947842512C /* [CP] Check Pods Manifest.lock */ = {
			isa = PBXShellScriptBuildPhase;
			buildActionMask = 2147483647;
			files = (
			);
			inputFileListPaths = (
			);
			inputPaths = (
				"${PODS_PODFILE_DIR_PATH}/Podfile.lock",
				"${PODS_ROOT}/Manifest.lock",
			);
			name = "[CP] Check Pods Manifest.lock";
			outputFileListPaths = (
			);
			outputPaths = (
				"$(DERIVED_FILE_DIR)/Pods-W6-D5-Weather-App-checkManifestLockResult.txt",
			);
			runOnlyForDeploymentPostprocessing = 0;
			shellPath = /bin/sh;
			shellScript = "diff \"${PODS_PODFILE_DIR_PATH}/Podfile.lock\" \"${PODS_ROOT}/Manifest.lock\" > /dev/null\nif [ $? != 0 ] ; then\n    # print error to STDERR\n    echo \"error: The sandbox is not in sync with the Podfile.lock. Run 'pod install' or update your CocoaPods installation.\" >&2\n    exit 1\nfi\n# This output is used by Xcode 'outputs' to avoid re-running this script phase.\necho \"SUCCESS\" > \"${SCRIPT_OUTPUT_FILE_0}\"\n";
			showEnvVarsInLog = 0;
		};
/* End PBXShellScriptBuildPhase section */

/* Begin PBXSourcesBuildPhase section */
		110EC364288F1C05003CC985 /* Sources */ = {
			isa = PBXSourcesBuildPhase;
			buildActionMask = 2147483647;
			files = (
				110EC370288F1C05003CC985 /* MainVC.swift in Sources */,
				119FBA30288F5FBA008D5569 /* City.swift in Sources */,
				119FBA2E288F52D6008D5569 /* ChangeCityVC.swift in Sources */,
				110EC36C288F1C05003CC985 /* AppDelegate.swift in Sources */,
				110EC36E288F1C05003CC985 /* SceneDelegate.swift in Sources */,
			);
			runOnlyForDeploymentPostprocessing = 0;
		};
/* End PBXSourcesBuildPhase section */

/* Begin PBXVariantGroup section */
		110EC371288F1C05003CC985 /* Main.storyboard */ = {
			isa = PBXVariantGroup;
			children = (
				110EC372288F1C05003CC985 /* Base */,
			);
			name = Main.storyboard;
			sourceTree = "<group>";
		};
		110EC376288F1C08003CC985 /* LaunchScreen.storyboard */ = {
			isa = PBXVariantGroup;
			children = (
				110EC377288F1C08003CC985 /* Base */,
			);
			name = LaunchScreen.storyboard;
			sourceTree = "<group>";
		};
/* End PBXVariantGroup section */

/* Begin XCBuildConfiguration section */
		110EC37A288F1C08003CC985 /* Debug */ = {
			isa = XCBuildConfiguration;
			buildSettings = {
				ALWAYS_SEARCH_USER_PATHS = NO;
				CLANG_ANALYZER_NONNULL = YES;
				CLANG_ANALYZER_NUMBER_OBJECT_CONVERSION = YES_AGGRESSIVE;
				CLANG_CXX_LANGUAGE_STANDARD = "gnu++17";
				CLANG_ENABLE_MODULES = YES;
				CLANG_ENABLE_OBJC_ARC = YES;
				CLANG_ENABLE_OBJC_WEAK = YES;
				CLANG_WARN_BLOCK_CAPTURE_AUTORELEASING = YES;
				CLANG_WARN_BOOL_CONVERSION = YES;
				CLANG_WARN_COMMA = YES;
				CLANG_WARN_CONSTANT_CONVERSION = YES;
				CLANG_WARN_DEPRECATED_OBJC_IMPLEMENTATIONS = YES;
				CLANG_WARN_DIRECT_OBJC_ISA_USAGE = YES_ERROR;
				CLANG_WARN_DOCUMENTATION_COMMENTS = YES;
				CLANG_WARN_EMPTY_BODY = YES;
				CLANG_WARN_ENUM_CONVERSION = YES;
				CLANG_WARN_INFINITE_RECURSION = YES;
				CLANG_WARN_INT_CONVERSION = YES;
				CLANG_WARN_NON_LITERAL_NULL_CONVERSION = YES;
				CLANG_WARN_OBJC_IMPLICIT_RETAIN_SELF = YES;
				CLANG_WARN_OBJC_LITERAL_CONVERSION = YES;
				CLANG_WARN_OBJC_ROOT_CLASS = YES_ERROR;
				CLANG_WARN_QUOTED_INCLUDE_IN_FRAMEWORK_HEADER = YES;
				CLANG_WARN_RANGE_LOOP_ANALYSIS = YES;
				CLANG_WARN_STRICT_PROTOTYPES = YES;
				CLANG_WARN_SUSPICIOUS_MOVE = YES;
				CLANG_WARN_UNGUARDED_AVAILABILITY = YES_AGGRESSIVE;
				CLANG_WARN_UNREACHABLE_CODE = YES;
				CLANG_WARN__DUPLICATE_METHOD_MATCH = YES;
				COPY_PHASE_STRIP = NO;
				DEBUG_INFORMATION_FORMAT = dwarf;
				ENABLE_STRICT_OBJC_MSGSEND = YES;
				ENABLE_TESTABILITY = YES;
				GCC_C_LANGUAGE_STANDARD = gnu11;
				GCC_DYNAMIC_NO_PIC = NO;
				GCC_NO_COMMON_BLOCKS = YES;
				GCC_OPTIMIZATION_LEVEL = 0;
				GCC_PREPROCESSOR_DEFINITIONS = (
					"DEBUG=1",
					"$(inherited)",
				);
				GCC_WARN_64_TO_32_BIT_CONVERSION = YES;
				GCC_WARN_ABOUT_RETURN_TYPE = YES_ERROR;
				GCC_WARN_UNDECLARED_SELECTOR = YES;
				GCC_WARN_UNINITIALIZED_AUTOS = YES_AGGRESSIVE;
				GCC_WARN_UNUSED_FUNCTION = YES;
				GCC_WARN_UNUSED_VARIABLE = YES;
				IPHONEOS_DEPLOYMENT_TARGET = 15.5;
				MTL_ENABLE_DEBUG_INFO = INCLUDE_SOURCE;
				MTL_FAST_MATH = YES;
				ONLY_ACTIVE_ARCH = YES;
				SDKROOT = iphoneos;
				SWIFT_ACTIVE_COMPILATION_CONDITIONS = DEBUG;
				SWIFT_OPTIMIZATION_LEVEL = "-Onone";
			};
			name = Debug;
		};
		110EC37B288F1C08003CC985 /* Release */ = {
			isa = XCBuildConfiguration;
			buildSettings = {
				ALWAYS_SEARCH_USER_PATHS = NO;
				CLANG_ANALYZER_NONNULL = YES;
				CLANG_ANALYZER_NUMBER_OBJECT_CONVERSION = YES_AGGRESSIVE;
				CLANG_CXX_LANGUAGE_STANDARD = "gnu++17";
				CLANG_ENABLE_MODULES = YES;
				CLANG_ENABLE_OBJC_ARC = YES;
				CLANG_ENABLE_OBJC_WEAK = YES;
				CLANG_WARN_BLOCK_CAPTURE_AUTORELEASING = YES;
				CLANG_WARN_BOOL_CONVERSION = YES;
				CLANG_WARN_COMMA = YES;
				CLANG_WARN_CONSTANT_CONVERSION = YES;
				CLANG_WARN_DEPRECATED_OBJC_IMPLEMENTATIONS = YES;
				CLANG_WARN_DIRECT_OBJC_ISA_USAGE = YES_ERROR;
				CLANG_WARN_DOCUMENTATION_COMMENTS = YES;
				CLANG_WARN_EMPTY_BODY = YES;
				CLANG_WARN_ENUM_CONVERSION = YES;
				CLANG_WARN_INFINITE_RECURSION = YES;
				CLANG_WARN_INT_CONVERSION = YES;
				CLANG_WARN_NON_LITERAL_NULL_CONVERSION = YES;
				CLANG_WARN_OBJC_IMPLICIT_RETAIN_SELF = YES;
				CLANG_WARN_OBJC_LITERAL_CONVERSION = YES;
				CLANG_WARN_OBJC_ROOT_CLASS = YES_ERROR;
				CLANG_WARN_QUOTED_INCLUDE_IN_FRAMEWORK_HEADER = YES;
				CLANG_WARN_RANGE_LOOP_ANALYSIS = YES;
				CLANG_WARN_STRICT_PROTOTYPES = YES;
				CLANG_WARN_SUSPICIOUS_MOVE = YES;
				CLANG_WARN_UNGUARDED_AVAILABILITY = YES_AGGRESSIVE;
				CLANG_WARN_UNREACHABLE_CODE = YES;
				CLANG_WARN__DUPLICATE_METHOD_MATCH = YES;
				COPY_PHASE_STRIP = NO;
				DEBUG_INFORMATION_FORMAT = "dwarf-with-dsym";
				ENABLE_NS_ASSERTIONS = NO;
				ENABLE_STRICT_OBJC_MSGSEND = YES;
				GCC_C_LANGUAGE_STANDARD = gnu11;
				GCC_NO_COMMON_BLOCKS = YES;
				GCC_WARN_64_TO_32_BIT_CONVERSION = YES;
				GCC_WARN_ABOUT_RETURN_TYPE = YES_ERROR;
				GCC_WARN_UNDECLARED_SELECTOR = YES;
				GCC_WARN_UNINITIALIZED_AUTOS = YES_AGGRESSIVE;
				GCC_WARN_UNUSED_FUNCTION = YES;
				GCC_WARN_UNUSED_VARIABLE = YES;
				IPHONEOS_DEPLOYMENT_TARGET = 15.5;
				MTL_ENABLE_DEBUG_INFO = NO;
				MTL_FAST_MATH = YES;
				SDKROOT = iphoneos;
				SWIFT_COMPILATION_MODE = wholemodule;
				SWIFT_OPTIMIZATION_LEVEL = "-O";
				VALIDATE_PRODUCT = YES;
			};
			name = Release;
		};
		110EC37D288F1C08003CC985 /* Debug */ = {
			isa = XCBuildConfiguration;
			baseConfigurationReference = 869A824242EA352825BB2924 /* Pods-W6-D5-Weather-App.debug.xcconfig */;
			buildSettings = {
				ASSETCATALOG_COMPILER_APPICON_NAME = AppIcon;
				ASSETCATALOG_COMPILER_GLOBAL_ACCENT_COLOR_NAME = AccentColor;
				CODE_SIGN_STYLE = Automatic;
				CURRENT_PROJECT_VERSION = 1;
				GENERATE_INFOPLIST_FILE = YES;
				INFOPLIST_FILE = "W6-D5-Weather-App/Info.plist";
				INFOPLIST_KEY_UIApplicationSupportsIndirectInputEvents = YES;
				INFOPLIST_KEY_UILaunchStoryboardName = LaunchScreen;
				INFOPLIST_KEY_UIMainStoryboardFile = Main;
				INFOPLIST_KEY_UISupportedInterfaceOrientations_iPad = "UIInterfaceOrientationPortrait UIInterfaceOrientationPortraitUpsideDown UIInterfaceOrientationLandscapeLeft UIInterfaceOrientationLandscapeRight";
				INFOPLIST_KEY_UISupportedInterfaceOrientations_iPhone = "UIInterfaceOrientationPortrait UIInterfaceOrientationLandscapeLeft UIInterfaceOrientationLandscapeRight";
				LD_RUNPATH_SEARCH_PATHS = (
					"$(inherited)",
					"@executable_path/Frameworks",
				);
				MARKETING_VERSION = 1.0;
				PRODUCT_BUNDLE_IDENTIFIER = "t.W6-D5-Weather-App";
				PRODUCT_NAME = "$(TARGET_NAME)";
				SWIFT_EMIT_LOC_STRINGS = YES;
				SWIFT_VERSION = 5.0;
				TARGETED_DEVICE_FAMILY = "1,2";
			};
			name = Debug;
		};
		110EC37E288F1C08003CC985 /* Release */ = {
			isa = XCBuildConfiguration;
			baseConfigurationReference = F941F60A9BC48E60F26E9DB9 /* Pods-W6-D5-Weather-App.release.xcconfig */;
			buildSettings = {
				ASSETCATALOG_COMPILER_APPICON_NAME = AppIcon;
				ASSETCATALOG_COMPILER_GLOBAL_ACCENT_COLOR_NAME = AccentColor;
				CODE_SIGN_STYLE = Automatic;
				CURRENT_PROJECT_VERSION = 1;
				GENERATE_INFOPLIST_FILE = YES;
				INFOPLIST_FILE = "W6-D5-Weather-App/Info.plist";
				INFOPLIST_KEY_UIApplicationSupportsIndirectInputEvents = YES;
				INFOPLIST_KEY_UILaunchStoryboardName = LaunchScreen;
				INFOPLIST_KEY_UIMainStoryboardFile = Main;
				INFOPLIST_KEY_UISupportedInterfaceOrientations_iPad = "UIInterfaceOrientationPortrait UIInterfaceOrientationPortraitUpsideDown UIInterfaceOrientationLandscapeLeft UIInterfaceOrientationLandscapeRight";
				INFOPLIST_KEY_UISupportedInterfaceOrientations_iPhone = "UIInterfaceOrientationPortrait UIInterfaceOrientationLandscapeLeft UIInterfaceOrientationLandscapeRight";
				LD_RUNPATH_SEARCH_PATHS = (
					"$(inherited)",
					"@executable_path/Frameworks",
				);
				MARKETING_VERSION = 1.0;
				PRODUCT_BUNDLE_IDENTIFIER = "t.W6-D5-Weather-App";
				PRODUCT_NAME = "$(TARGET_NAME)";
				SWIFT_EMIT_LOC_STRINGS = YES;
				SWIFT_VERSION = 5.0;
				TARGETED_DEVICE_FAMILY = "1,2";
			};
			name = Release;
		};
/* End XCBuildConfiguration section */

/* Begin XCConfigurationList section */
		110EC363288F1C05003CC985 /* Build configuration list for PBXProject "W6-D5-Weather-App" */ = {
			isa = XCConfigurationList;
			buildConfigurations = (
				110EC37A288F1C08003CC985 /* Debug */,
				110EC37B288F1C08003CC985 /* Release */,
			);
			defaultConfigurationIsVisible = 0;
			defaultConfigurationName = Release;
		};
		110EC37C288F1C08003CC985 /* Build configuration list for PBXNativeTarget "W6-D5-Weather-App" */ = {
			isa = XCConfigurationList;
			buildConfigurations = (
				110EC37D288F1C08003CC985 /* Debug */,
				110EC37E288F1C08003CC985 /* Release */,
			);
			defaultConfigurationIsVisible = 0;
			defaultConfigurationName = Release;
		};
/* End XCConfigurationList section */
	};
	rootObject = 110EC360288F1C05003CC985 /* Project object */;
}
